
Microsoft Visual Studio Solution File, Format Version 12.00
# Visual Studio Version 17
VisualStudioVersion = 17.7.34031.279
MinimumVisualStudioVersion = 10.0.40219.1
Project("{FAE04EC0-301F-11D3-BF4B-00C04F79EFBC}") = "Simple Calculator", "Simple Calculator\Simple Calculator.csproj", "{83263AB6-C144-4E3B-82E0-C3283203E85B}"
EndProject
Global
	GlobalSection(SolutionConfigurationPlatforms) = preSolution
		Debug|Any CPU = Debug|Any CPU
		Release|Any CPU = Release|Any CPU
	EndGlobalSection
	GlobalSection(ProjectConfigurationPlatforms) = postSolution
		{83263AB6-C144-4E3B-82E0-C3283203E85B}.Debug|Any CPU.ActiveCfg = Debug|Any CPU
		{83263AB6-C144-4E3B-82E0-C3283203E85B}.Debug|Any CPU.Build.0 = Debug|Any CPU
		{83263AB6-C144-4E3B-82E0-C3283203E85B}.Release|Any CPU.ActiveCfg = Release|Any CPU
		{83263AB6-C144-4E3B-82E0-C3283203E85B}.Release|Any CPU.Build.0 = Release|Any CPU
	EndGlobalSection
	GlobalSection(SolutionProperties) = preSolution
		HideSolutionNode = FALSE
	EndGlobalSection
	GlobalSection(ExtensibilityGlobals) = postSolution
		SolutionGuid = {F95CBE4E-5000-46A1-926F-1669EF02D4B4}
	EndGlobalSection
EndGlobal
